// !$*UTF8*$!
{
	archiveVersion = 1;
	classes = {
	};
	objectVersion = 56;
	objects = {

/* Begin PBXBuildFile section */
		B07D6C062AE285C8009A13D1 /* AppDelegate.swift in Sources */ = {isa = PBXBuildFile; fileRef = B07D6C052AE285C8009A13D1 /* AppDelegate.swift */; };
		B07D6C082AE285C8009A13D1 /* SceneDelegate.swift in Sources */ = {isa = PBXBuildFile; fileRef = B07D6C072AE285C8009A13D1 /* SceneDelegate.swift */; };
		B07D6C0F2AE285CA009A13D1 /* Assets.xcassets in Resources */ = {isa = PBXBuildFile; fileRef = B07D6C0E2AE285CA009A13D1 /* Assets.xcassets */; };
		B07D6C122AE285CA009A13D1 /* LaunchScreen.storyboard in Resources */ = {isa = PBXBuildFile; fileRef = B07D6C102AE285CA009A13D1 /* LaunchScreen.storyboard */; };
		B07D6C1E2AE288E3009A13D1 /* FindMealsViewController.swift in Sources */ = {isa = PBXBuildFile; fileRef = B07D6C1D2AE288E3009A13D1 /* FindMealsViewController.swift */; };
		B07D6C202AE28B12009A13D1 /* InternalColors.swift in Sources */ = {isa = PBXBuildFile; fileRef = B07D6C1F2AE28B12009A13D1 /* InternalColors.swift */; };
		B07D6C262AE28DDE009A13D1 /* InternalImages.swift in Sources */ = {isa = PBXBuildFile; fileRef = B07D6C252AE28DDE009A13D1 /* InternalImages.swift */; };
		B07D6C282AE28E88009A13D1 /* Constant.swift in Sources */ = {isa = PBXBuildFile; fileRef = B07D6C272AE28E88009A13D1 /* Constant.swift */; };
		B07D6C2B2AE2902A009A13D1 /* MainLabel.swift in Sources */ = {isa = PBXBuildFile; fileRef = B07D6C2A2AE2902A009A13D1 /* MainLabel.swift */; };
		B07D6C2D2AE2996C009A13D1 /* StackView.swift in Sources */ = {isa = PBXBuildFile; fileRef = B07D6C2C2AE2996C009A13D1 /* StackView.swift */; };
		B07D6C312AE29D66009A13D1 /* ItemMealsCell.swift in Sources */ = {isa = PBXBuildFile; fileRef = B07D6C302AE29D66009A13D1 /* ItemMealsCell.swift */; };
		DEFEAF78232F4A2160577727 /* Pods_meals_siloam.framework in Frameworks */ = {isa = PBXBuildFile; fileRef = 893071904173776371998C9A /* Pods_meals_siloam.framework */; };
/* End PBXBuildFile section */

/* Begin PBXFileReference section */
		212A2692B7D25644895A1EDD /* Pods-meals-siloam.debug.xcconfig */ = {isa = PBXFileReference; includeInIndex = 1; lastKnownFileType = text.xcconfig; name = "Pods-meals-siloam.debug.xcconfig"; path = "Target Support Files/Pods-meals-siloam/Pods-meals-siloam.debug.xcconfig"; sourceTree = "<group>"; };
		278D0E6C5C9A864360570B33 /* Pods-meals-siloam.release.xcconfig */ = {isa = PBXFileReference; includeInIndex = 1; lastKnownFileType = text.xcconfig; name = "Pods-meals-siloam.release.xcconfig"; path = "Target Support Files/Pods-meals-siloam/Pods-meals-siloam.release.xcconfig"; sourceTree = "<group>"; };
		893071904173776371998C9A /* Pods_meals_siloam.framework */ = {isa = PBXFileReference; explicitFileType = wrapper.framework; includeInIndex = 0; path = Pods_meals_siloam.framework; sourceTree = BUILT_PRODUCTS_DIR; };
		B07D6C022AE285C8009A13D1 /* meals-siloam.app */ = {isa = PBXFileReference; explicitFileType = wrapper.application; includeInIndex = 0; path = "meals-siloam.app"; sourceTree = BUILT_PRODUCTS_DIR; };
		B07D6C052AE285C8009A13D1 /* AppDelegate.swift */ = {isa = PBXFileReference; lastKnownFileType = sourcecode.swift; path = AppDelegate.swift; sourceTree = "<group>"; };
		B07D6C072AE285C8009A13D1 /* SceneDelegate.swift */ = {isa = PBXFileReference; lastKnownFileType = sourcecode.swift; path = SceneDelegate.swift; sourceTree = "<group>"; };
		B07D6C0E2AE285CA009A13D1 /* Assets.xcassets */ = {isa = PBXFileReference; lastKnownFileType = folder.assetcatalog; path = Assets.xcassets; sourceTree = "<group>"; };
		B07D6C112AE285CA009A13D1 /* Base */ = {isa = PBXFileReference; lastKnownFileType = file.storyboard; name = Base; path = Base.lproj/LaunchScreen.storyboard; sourceTree = "<group>"; };
		B07D6C132AE285CA009A13D1 /* Info.plist */ = {isa = PBXFileReference; lastKnownFileType = text.plist.xml; path = Info.plist; sourceTree = "<group>"; };
		B07D6C1D2AE288E3009A13D1 /* FindMealsViewController.swift */ = {isa = PBXFileReference; lastKnownFileType = sourcecode.swift; path = FindMealsViewController.swift; sourceTree = "<group>"; };
		B07D6C1F2AE28B12009A13D1 /* InternalColors.swift */ = {isa = PBXFileReference; lastKnownFileType = sourcecode.swift; path = InternalColors.swift; sourceTree = "<group>"; };
		B07D6C252AE28DDE009A13D1 /* InternalImages.swift */ = {isa = PBXFileReference; lastKnownFileType = sourcecode.swift; path = InternalImages.swift; sourceTree = "<group>"; };
		B07D6C272AE28E88009A13D1 /* Constant.swift */ = {isa = PBXFileReference; lastKnownFileType = sourcecode.swift; path = Constant.swift; sourceTree = "<group>"; };
		B07D6C2A2AE2902A009A13D1 /* MainLabel.swift */ = {isa = PBXFileReference; lastKnownFileType = sourcecode.swift; path = MainLabel.swift; sourceTree = "<group>"; };
		B07D6C2C2AE2996C009A13D1 /* StackView.swift */ = {isa = PBXFileReference; lastKnownFileType = sourcecode.swift; path = StackView.swift; sourceTree = "<group>"; };
		B07D6C302AE29D66009A13D1 /* ItemMealsCell.swift */ = {isa = PBXFileReference; lastKnownFileType = sourcecode.swift; path = ItemMealsCell.swift; sourceTree = "<group>"; };
/* End PBXFileReference section */

/* Begin PBXFrameworksBuildPhase section */
		B07D6BFF2AE285C8009A13D1 /* Frameworks */ = {
			isa = PBXFrameworksBuildPhase;
			buildActionMask = 2147483647;
			files = (
				DEFEAF78232F4A2160577727 /* Pods_meals_siloam.framework in Frameworks */,
			);
			runOnlyForDeploymentPostprocessing = 0;
		};
/* End PBXFrameworksBuildPhase section */

/* Begin PBXGroup section */
		A7081954072B73A4D6EDD5C8 /* Frameworks */ = {
			isa = PBXGroup;
			children = (
				893071904173776371998C9A /* Pods_meals_siloam.framework */,
			);
			name = Frameworks;
			sourceTree = "<group>";
		};
		B07D6BF92AE285C8009A13D1 = {
			isa = PBXGroup;
			children = (
				B07D6C042AE285C8009A13D1 /* meals-siloam */,
				B07D6C032AE285C8009A13D1 /* Products */,
				EB68F5F3798CCFFA56A945ED /* Pods */,
				A7081954072B73A4D6EDD5C8 /* Frameworks */,
			);
			sourceTree = "<group>";
		};
		B07D6C032AE285C8009A13D1 /* Products */ = {
			isa = PBXGroup;
			children = (
				B07D6C022AE285C8009A13D1 /* meals-siloam.app */,
			);
			name = Products;
			sourceTree = "<group>";
		};
		B07D6C042AE285C8009A13D1 /* meals-siloam */ = {
			isa = PBXGroup;
			children = (
				B07D6C212AE28B29009A13D1 /* Core */,
				B07D6C1B2AE28707009A13D1 /* Scenes */,
				B07D6C1A2AE286E3009A13D1 /* Resources */,
				B07D6C192AE28699009A13D1 /* Applications */,
				B07D6C102AE285CA009A13D1 /* LaunchScreen.storyboard */,
				B07D6C132AE285CA009A13D1 /* Info.plist */,
			);
			path = "meals-siloam";
			sourceTree = "<group>";
		};
		B07D6C192AE28699009A13D1 /* Applications */ = {
			isa = PBXGroup;
			children = (
				B07D6C052AE285C8009A13D1 /* AppDelegate.swift */,
				B07D6C072AE285C8009A13D1 /* SceneDelegate.swift */,
			);
			path = Applications;
			sourceTree = "<group>";
		};
		B07D6C1A2AE286E3009A13D1 /* Resources */ = {
			isa = PBXGroup;
			children = (
				B07D6C0E2AE285CA009A13D1 /* Assets.xcassets */,
				B07D6C1F2AE28B12009A13D1 /* InternalColors.swift */,
				B07D6C252AE28DDE009A13D1 /* InternalImages.swift */,
			);
			path = Resources;
			sourceTree = "<group>";
		};
		B07D6C1B2AE28707009A13D1 /* Scenes */ = {
			isa = PBXGroup;
			children = (
				B07D6C1C2AE2889C009A13D1 /* Find Meals */,
			);
			path = Scenes;
			sourceTree = "<group>";
		};
		B07D6C1C2AE2889C009A13D1 /* Find Meals */ = {
			isa = PBXGroup;
			children = (
				B07D6C2E2AE29CDE009A13D1 /* Presentations */,
			);
			path = "Find Meals";
			sourceTree = "<group>";
		};
		B07D6C212AE28B29009A13D1 /* Core */ = {
			isa = PBXGroup;
			children = (
				B07D6C292AE29008009A13D1 /* UI Components */,
				B07D6C222AE28B2F009A13D1 /* Extensions */,
			);
			path = Core;
			sourceTree = "<group>";
		};
		B07D6C222AE28B2F009A13D1 /* Extensions */ = {
			isa = PBXGroup;
			children = (
				B07D6C272AE28E88009A13D1 /* Constant.swift */,
			);
			path = Extensions;
			sourceTree = "<group>";
		};
		B07D6C292AE29008009A13D1 /* UI Components */ = {
			isa = PBXGroup;
			children = (
				B07D6C2A2AE2902A009A13D1 /* MainLabel.swift */,
				B07D6C2C2AE2996C009A13D1 /* StackView.swift */,
			);
			path = "UI Components";
			sourceTree = "<group>";
		};
		B07D6C2E2AE29CDE009A13D1 /* Presentations */ = {
			isa = PBXGroup;
			children = (
				B07D6C1D2AE288E3009A13D1 /* FindMealsViewController.swift */,
				B07D6C2F2AE29D2E009A13D1 /* View */,
			);
			path = Presentations;
			sourceTree = "<group>";
		};
		B07D6C2F2AE29D2E009A13D1 /* View */ = {
			isa = PBXGroup;
			children = (
				B07D6C302AE29D66009A13D1 /* ItemMealsCell.swift */,
			);
			path = View;
			sourceTree = "<group>";
		};
		EB68F5F3798CCFFA56A945ED /* Pods */ = {
			isa = PBXGroup;
			children = (
				212A2692B7D25644895A1EDD /* Pods-meals-siloam.debug.xcconfig */,
				278D0E6C5C9A864360570B33 /* Pods-meals-siloam.release.xcconfig */,
			);
			path = Pods;
			sourceTree = "<group>";
		};
/* End PBXGroup section */

/* Begin PBXNativeTarget section */
		B07D6C012AE285C8009A13D1 /* meals-siloam */ = {
			isa = PBXNativeTarget;
			buildConfigurationList = B07D6C162AE285CA009A13D1 /* Build configuration list for PBXNativeTarget "meals-siloam" */;
			buildPhases = (
				833E4EEDBD583D366B382434 /* [CP] Check Pods Manifest.lock */,
				B07D6BFE2AE285C8009A13D1 /* Sources */,
				B07D6BFF2AE285C8009A13D1 /* Frameworks */,
				B07D6C002AE285C8009A13D1 /* Resources */,
				A3D0D14250312DD53D983D8A /* [CP] Embed Pods Frameworks */,
			);
			buildRules = (
			);
			dependencies = (
			);
			name = "meals-siloam";
			productName = "meals-siloam";
			productReference = B07D6C022AE285C8009A13D1 /* meals-siloam.app */;
			productType = "com.apple.product-type.application";
		};
/* End PBXNativeTarget section */

/* Begin PBXProject section */
		B07D6BFA2AE285C8009A13D1 /* Project object */ = {
			isa = PBXProject;
			attributes = {
				BuildIndependentTargetsInParallel = 1;
				LastSwiftUpdateCheck = 1500;
				LastUpgradeCheck = 1500;
				TargetAttributes = {
					B07D6C012AE285C8009A13D1 = {
						CreatedOnToolsVersion = 15.0;
					};
				};
			};
			buildConfigurationList = B07D6BFD2AE285C8009A13D1 /* Build configuration list for PBXProject "meals-siloam" */;
			compatibilityVersion = "Xcode 14.0";
			developmentRegion = en;
			hasScannedForEncodings = 0;
			knownRegions = (
				en,
				Base,
			);
			mainGroup = B07D6BF92AE285C8009A13D1;
			productRefGroup = B07D6C032AE285C8009A13D1 /* Products */;
			projectDirPath = "";
			projectRoot = "";
			targets = (
				B07D6C012AE285C8009A13D1 /* meals-siloam */,
			);
		};
/* End PBXProject section */

/* Begin PBXResourcesBuildPhase section */
		B07D6C002AE285C8009A13D1 /* Resources */ = {
			isa = PBXResourcesBuildPhase;
			buildActionMask = 2147483647;
			files = (
				B07D6C122AE285CA009A13D1 /* LaunchScreen.storyboard in Resources */,
				B07D6C0F2AE285CA009A13D1 /* Assets.xcassets in Resources */,
			);
			runOnlyForDeploymentPostprocessing = 0;
		};
/* End PBXResourcesBuildPhase section */

/* Begin PBXShellScriptBuildPhase section */
		833E4EEDBD583D366B382434 /* [CP] Check Pods Manifest.lock */ = {
			isa = PBXShellScriptBuildPhase;
			buildActionMask = 2147483647;
			files = (
			);
			inputFileListPaths = (
			);
			inputPaths = (
				"${PODS_PODFILE_DIR_PATH}/Podfile.lock",
				"${PODS_ROOT}/Manifest.lock",
			);
			name = "[CP] Check Pods Manifest.lock";
			outputFileListPaths = (
			);
			outputPaths = (
				"$(DERIVED_FILE_DIR)/Pods-meals-siloam-checkManifestLockResult.txt",
			);
			runOnlyForDeploymentPostprocessing = 0;
			shellPath = /bin/sh;
			shellScript = "diff \"${PODS_PODFILE_DIR_PATH}/Podfile.lock\" \"${PODS_ROOT}/Manifest.lock\" > /dev/null\nif [ $? != 0 ] ; then\n    # print error to STDERR\n    echo \"error: The sandbox is not in sync with the Podfile.lock. Run 'pod install' or update your CocoaPods installation.\" >&2\n    exit 1\nfi\n# This output is used by Xcode 'outputs' to avoid re-running this script phase.\necho \"SUCCESS\" > \"${SCRIPT_OUTPUT_FILE_0}\"\n";
			showEnvVarsInLog = 0;
		};
		A3D0D14250312DD53D983D8A /* [CP] Embed Pods Frameworks */ = {
			isa = PBXShellScriptBuildPhase;
			buildActionMask = 2147483647;
			files = (
			);
			inputFileListPaths = (
				"${PODS_ROOT}/Target Support Files/Pods-meals-siloam/Pods-meals-siloam-frameworks-${CONFIGURATION}-input-files.xcfilelist",
			);
			name = "[CP] Embed Pods Frameworks";
			outputFileListPaths = (
				"${PODS_ROOT}/Target Support Files/Pods-meals-siloam/Pods-meals-siloam-frameworks-${CONFIGURATION}-output-files.xcfilelist",
			);
			runOnlyForDeploymentPostprocessing = 0;
			shellPath = /bin/sh;
			shellScript = "\"${PODS_ROOT}/Target Support Files/Pods-meals-siloam/Pods-meals-siloam-frameworks.sh\"\n";
			showEnvVarsInLog = 0;
		};
/* End PBXShellScriptBuildPhase section */

/* Begin PBXSourcesBuildPhase section */
		B07D6BFE2AE285C8009A13D1 /* Sources */ = {
			isa = PBXSourcesBuildPhase;
			buildActionMask = 2147483647;
			files = (
				B07D6C282AE28E88009A13D1 /* Constant.swift in Sources */,
				B07D6C202AE28B12009A13D1 /* InternalColors.swift in Sources */,
				B07D6C062AE285C8009A13D1 /* AppDelegate.swift in Sources */,
				B07D6C1E2AE288E3009A13D1 /* FindMealsViewController.swift in Sources */,
				B07D6C2D2AE2996C009A13D1 /* StackView.swift in Sources */,
				B07D6C262AE28DDE009A13D1 /* InternalImages.swift in Sources */,
				B07D6C312AE29D66009A13D1 /* ItemMealsCell.swift in Sources */,
				B07D6C082AE285C8009A13D1 /* SceneDelegate.swift in Sources */,
				B07D6C2B2AE2902A009A13D1 /* MainLabel.swift in Sources */,
			);
			runOnlyForDeploymentPostprocessing = 0;
		};
/* End PBXSourcesBuildPhase section */

/* Begin PBXVariantGroup section */
		B07D6C102AE285CA009A13D1 /* LaunchScreen.storyboard */ = {
			isa = PBXVariantGroup;
			children = (
				B07D6C112AE285CA009A13D1 /* Base */,
			);
			name = LaunchScreen.storyboard;
			sourceTree = "<group>";
		};
/* End PBXVariantGroup section */

/* Begin XCBuildConfiguration section */
		B07D6C142AE285CA009A13D1 /* Debug */ = {
			isa = XCBuildConfiguration;
			buildSettings = {
				ALWAYS_SEARCH_USER_PATHS = NO;
				ASSETCATALOG_COMPILER_GENERATE_SWIFT_ASSET_SYMBOL_EXTENSIONS = YES;
				CLANG_ANALYZER_NONNULL = YES;
				CLANG_ANALYZER_NUMBER_OBJECT_CONVERSION = YES_AGGRESSIVE;
				CLANG_CXX_LANGUAGE_STANDARD = "gnu++20";
				CLANG_ENABLE_MODULES = YES;
				CLANG_ENABLE_OBJC_ARC = YES;
				CLANG_ENABLE_OBJC_WEAK = YES;
				CLANG_WARN_BLOCK_CAPTURE_AUTORELEASING = YES;
				CLANG_WARN_BOOL_CONVERSION = YES;
				CLANG_WARN_COMMA = YES;
				CLANG_WARN_CONSTANT_CONVERSION = YES;
				CLANG_WARN_DEPRECATED_OBJC_IMPLEMENTATIONS = YES;
				CLANG_WARN_DIRECT_OBJC_ISA_USAGE = YES_ERROR;
				CLANG_WARN_DOCUMENTATION_COMMENTS = YES;
				CLANG_WARN_EMPTY_BODY = YES;
				CLANG_WARN_ENUM_CONVERSION = YES;
				CLANG_WARN_INFINITE_RECURSION = YES;
				CLANG_WARN_INT_CONVERSION = YES;
				CLANG_WARN_NON_LITERAL_NULL_CONVERSION = YES;
				CLANG_WARN_OBJC_IMPLICIT_RETAIN_SELF = YES;
				CLANG_WARN_OBJC_LITERAL_CONVERSION = YES;
				CLANG_WARN_OBJC_ROOT_CLASS = YES_ERROR;
				CLANG_WARN_QUOTED_INCLUDE_IN_FRAMEWORK_HEADER = YES;
				CLANG_WARN_RANGE_LOOP_ANALYSIS = YES;
				CLANG_WARN_STRICT_PROTOTYPES = YES;
				CLANG_WARN_SUSPICIOUS_MOVE = YES;
				CLANG_WARN_UNGUARDED_AVAILABILITY = YES_AGGRESSIVE;
				CLANG_WARN_UNREACHABLE_CODE = YES;
				CLANG_WARN__DUPLICATE_METHOD_MATCH = YES;
				COPY_PHASE_STRIP = NO;
				DEBUG_INFORMATION_FORMAT = dwarf;
				ENABLE_STRICT_OBJC_MSGSEND = YES;
				ENABLE_TESTABILITY = YES;
				ENABLE_USER_SCRIPT_SANDBOXING = NO;
				GCC_C_LANGUAGE_STANDARD = gnu17;
				GCC_DYNAMIC_NO_PIC = NO;
				GCC_NO_COMMON_BLOCKS = YES;
				GCC_OPTIMIZATION_LEVEL = 0;
				GCC_PREPROCESSOR_DEFINITIONS = (
					"DEBUG=1",
					"$(inherited)",
				);
				GCC_WARN_64_TO_32_BIT_CONVERSION = YES;
				GCC_WARN_ABOUT_RETURN_TYPE = YES_ERROR;
				GCC_WARN_UNDECLARED_SELECTOR = YES;
				GCC_WARN_UNINITIALIZED_AUTOS = YES_AGGRESSIVE;
				GCC_WARN_UNUSED_FUNCTION = YES;
				GCC_WARN_UNUSED_VARIABLE = YES;
				IPHONEOS_DEPLOYMENT_TARGET = 17.0;
				LOCALIZATION_PREFERS_STRING_CATALOGS = YES;
				MTL_ENABLE_DEBUG_INFO = INCLUDE_SOURCE;
				MTL_FAST_MATH = YES;
				ONLY_ACTIVE_ARCH = YES;
				SDKROOT = iphoneos;
				SWIFT_ACTIVE_COMPILATION_CONDITIONS = "DEBUG $(inherited)";
				SWIFT_OPTIMIZATION_LEVEL = "-Onone";
			};
			name = Debug;
		};
		B07D6C152AE285CA009A13D1 /* Release */ = {
			isa = XCBuildConfiguration;
			buildSettings = {
				ALWAYS_SEARCH_USER_PATHS = NO;
				ASSETCATALOG_COMPILER_GENERATE_SWIFT_ASSET_SYMBOL_EXTENSIONS = YES;
				CLANG_ANALYZER_NONNULL = YES;
				CLANG_ANALYZER_NUMBER_OBJECT_CONVERSION = YES_AGGRESSIVE;
				CLANG_CXX_LANGUAGE_STANDARD = "gnu++20";
				CLANG_ENABLE_MODULES = YES;
				CLANG_ENABLE_OBJC_ARC = YES;
				CLANG_ENABLE_OBJC_WEAK = YES;
				CLANG_WARN_BLOCK_CAPTURE_AUTORELEASING = YES;
				CLANG_WARN_BOOL_CONVERSION = YES;
				CLANG_WARN_COMMA = YES;
				CLANG_WARN_CONSTANT_CONVERSION = YES;
				CLANG_WARN_DEPRECATED_OBJC_IMPLEMENTATIONS = YES;
				CLANG_WARN_DIRECT_OBJC_ISA_USAGE = YES_ERROR;
				CLANG_WARN_DOCUMENTATION_COMMENTS = YES;
				CLANG_WARN_EMPTY_BODY = YES;
				CLANG_WARN_ENUM_CONVERSION = YES;
				CLANG_WARN_INFINITE_RECURSION = YES;
				CLANG_WARN_INT_CONVERSION = YES;
				CLANG_WARN_NON_LITERAL_NULL_CONVERSION = YES;
				CLANG_WARN_OBJC_IMPLICIT_RETAIN_SELF = YES;
				CLANG_WARN_OBJC_LITERAL_CONVERSION = YES;
				CLANG_WARN_OBJC_ROOT_CLASS = YES_ERROR;
				CLANG_WARN_QUOTED_INCLUDE_IN_FRAMEWORK_HEADER = YES;
				CLANG_WARN_RANGE_LOOP_ANALYSIS = YES;
				CLANG_WARN_STRICT_PROTOTYPES = YES;
				CLANG_WARN_SUSPICIOUS_MOVE = YES;
				CLANG_WARN_UNGUARDED_AVAILABILITY = YES_AGGRESSIVE;
				CLANG_WARN_UNREACHABLE_CODE = YES;
				CLANG_WARN__DUPLICATE_METHOD_MATCH = YES;
				COPY_PHASE_STRIP = NO;
				DEBUG_INFORMATION_FORMAT = "dwarf-with-dsym";
				ENABLE_NS_ASSERTIONS = NO;
				ENABLE_STRICT_OBJC_MSGSEND = YES;
				ENABLE_USER_SCRIPT_SANDBOXING = NO;
				GCC_C_LANGUAGE_STANDARD = gnu17;
				GCC_NO_COMMON_BLOCKS = YES;
				GCC_WARN_64_TO_32_BIT_CONVERSION = YES;
				GCC_WARN_ABOUT_RETURN_TYPE = YES_ERROR;
				GCC_WARN_UNDECLARED_SELECTOR = YES;
				GCC_WARN_UNINITIALIZED_AUTOS = YES_AGGRESSIVE;
				GCC_WARN_UNUSED_FUNCTION = YES;
				GCC_WARN_UNUSED_VARIABLE = YES;
				IPHONEOS_DEPLOYMENT_TARGET = 17.0;
				LOCALIZATION_PREFERS_STRING_CATALOGS = YES;
				MTL_ENABLE_DEBUG_INFO = NO;
				MTL_FAST_MATH = YES;
				SDKROOT = iphoneos;
				SWIFT_COMPILATION_MODE = wholemodule;
				VALIDATE_PRODUCT = YES;
			};
			name = Release;
		};
		B07D6C172AE285CA009A13D1 /* Debug */ = {
			isa = XCBuildConfiguration;
			baseConfigurationReference = 212A2692B7D25644895A1EDD /* Pods-meals-siloam.debug.xcconfig */;
			buildSettings = {
				ASSETCATALOG_COMPILER_APPICON_NAME = AppIcon;
				ASSETCATALOG_COMPILER_GLOBAL_ACCENT_COLOR_NAME = AccentColor;
				CODE_SIGN_STYLE = Automatic;
				CURRENT_PROJECT_VERSION = 1;
				DEVELOPMENT_TEAM = BTP3P5U2W5;
				ENABLE_USER_SCRIPT_SANDBOXING = NO;
				GENERATE_INFOPLIST_FILE = YES;
				INFOPLIST_FILE = "meals-siloam/Info.plist";
				INFOPLIST_KEY_UIApplicationSupportsIndirectInputEvents = YES;
				INFOPLIST_KEY_UILaunchStoryboardName = LaunchScreen;
				INFOPLIST_KEY_UISupportedInterfaceOrientations_iPad = "UIInterfaceOrientationPortrait UIInterfaceOrientationPortraitUpsideDown UIInterfaceOrientationLandscapeLeft UIInterfaceOrientationLandscapeRight";
				INFOPLIST_KEY_UISupportedInterfaceOrientations_iPhone = "UIInterfaceOrientationPortrait UIInterfaceOrientationLandscapeLeft UIInterfaceOrientationLandscapeRight";
				LD_RUNPATH_SEARCH_PATHS = (
					"$(inherited)",
					"@executable_path/Frameworks",
				);
				MARKETING_VERSION = 1.0;
				PRODUCT_BUNDLE_IDENTIFIER = "com.miftah.meals-siloam";
				PRODUCT_NAME = "$(TARGET_NAME)";
				SWIFT_EMIT_LOC_STRINGS = YES;
				SWIFT_VERSION = 5.0;
				TARGETED_DEVICE_FAMILY = "1,2";
			};
			name = Debug;
		};
		B07D6C182AE285CA009A13D1 /* Release */ = {
			isa = XCBuildConfiguration;
			baseConfigurationReference = 278D0E6C5C9A864360570B33 /* Pods-meals-siloam.release.xcconfig */;
			buildSettings = {
				ASSETCATALOG_COMPILER_APPICON_NAME = AppIcon;
				ASSETCATALOG_COMPILER_GLOBAL_ACCENT_COLOR_NAME = AccentColor;
				CODE_SIGN_STYLE = Automatic;
				CURRENT_PROJECT_VERSION = 1;
				DEVELOPMENT_TEAM = BTP3P5U2W5;
				ENABLE_USER_SCRIPT_SANDBOXING = NO;
				GENERATE_INFOPLIST_FILE = YES;
				INFOPLIST_FILE = "meals-siloam/Info.plist";
				INFOPLIST_KEY_UIApplicationSupportsIndirectInputEvents = YES;
				INFOPLIST_KEY_UILaunchStoryboardName = LaunchScreen;
				INFOPLIST_KEY_UISupportedInterfaceOrientations_iPad = "UIInterfaceOrientationPortrait UIInterfaceOrientationPortraitUpsideDown UIInterfaceOrientationLandscapeLeft UIInterfaceOrientationLandscapeRight";
				INFOPLIST_KEY_UISupportedInterfaceOrientations_iPhone = "UIInterfaceOrientationPortrait UIInterfaceOrientationLandscapeLeft UIInterfaceOrientationLandscapeRight";
				LD_RUNPATH_SEARCH_PATHS = (
					"$(inherited)",
					"@executable_path/Frameworks",
				);
				MARKETING_VERSION = 1.0;
				PRODUCT_BUNDLE_IDENTIFIER = "com.miftah.meals-siloam";
				PRODUCT_NAME = "$(TARGET_NAME)";
				SWIFT_EMIT_LOC_STRINGS = YES;
				SWIFT_VERSION = 5.0;
				TARGETED_DEVICE_FAMILY = "1,2";
			};
			name = Release;
		};
/* End XCBuildConfiguration section */

/* Begin XCConfigurationList section */
		B07D6BFD2AE285C8009A13D1 /* Build configuration list for PBXProject "meals-siloam" */ = {
			isa = XCConfigurationList;
			buildConfigurations = (
				B07D6C142AE285CA009A13D1 /* Debug */,
				B07D6C152AE285CA009A13D1 /* Release */,
			);
			defaultConfigurationIsVisible = 0;
			defaultConfigurationName = Release;
		};
		B07D6C162AE285CA009A13D1 /* Build configuration list for PBXNativeTarget "meals-siloam" */ = {
			isa = XCConfigurationList;
			buildConfigurations = (
				B07D6C172AE285CA009A13D1 /* Debug */,
				B07D6C182AE285CA009A13D1 /* Release */,
			);
			defaultConfigurationIsVisible = 0;
			defaultConfigurationName = Release;
		};
/* End XCConfigurationList section */
	};
	rootObject = B07D6BFA2AE285C8009A13D1 /* Project object */;
}
